<Solution>
  <Folder Name="/Benchmarks/" />
  <Folder Name="/Common/" />
  <Folder Name="/Compiler/" />
  <Folder Name="/Compiler/Backend/" />
  <Folder Name="/Compiler/Frontend/">
    <Project Path="src/frontend/Lexer/Lexer.csproj" />
    <Project Path="src/frontend/Parser/Parser.csproj" />
  </Folder>
</Solution>
